
Microsoft Visual Studio Solution File, Format Version 12.00
# Visual Studio Version 17
VisualStudioVersion = 17.10.35122.118
MinimumVisualStudioVersion = 10.0.40219.1
Project("{FAE04EC0-301F-11D3-BF4B-00C04F79EFBC}") = "Module02Exercise01", "Module02Exercise01.csproj", "{8161E69F-66DD-48F6-AAA6-F7AF639C264A}"
EndProject
Global
	GlobalSection(SolutionConfigurationPlatforms) = preSolution
		Debug|Any CPU = Debug|Any CPU
		Release|Any CPU = Release|Any CPU
	EndGlobalSection
	GlobalSection(ProjectConfigurationPlatforms) = postSolution
		{8161E69F-66DD-48F6-AAA6-F7AF639C264A}.Debug|Any CPU.ActiveCfg = Debug|Any CPU
		{8161E69F-66DD-48F6-AAA6-F7AF639C264A}.Debug|Any CPU.Build.0 = Debug|Any CPU
		{8161E69F-66DD-48F6-AAA6-F7AF639C264A}.Debug|Any CPU.Deploy.0 = Debug|Any CPU
		{8161E69F-66DD-48F6-AAA6-F7AF639C264A}.Release|Any CPU.ActiveCfg = Release|Any CPU
		{8161E69F-66DD-48F6-AAA6-F7AF639C264A}.Release|Any CPU.Build.0 = Release|Any CPU
		{8161E69F-66DD-48F6-AAA6-F7AF639C264A}.Release|Any CPU.Deploy.0 = Release|Any CPU
	EndGlobalSection
	GlobalSection(SolutionProperties) = preSolution
		HideSolutionNode = FALSE
	EndGlobalSection
	GlobalSection(ExtensibilityGlobals) = postSolution
		SolutionGuid = {0661AE9D-5661-40E0-B5C7-0D9DD8BD433A}
	EndGlobalSection
EndGlobal
